// !$*UTF8*$!
{
	archiveVersion = 1;
	classes = {
	};
	objectVersion = 46;
	objects = {

/* Begin PBXBuildFile section */
		22EB82AE1DB70B0500E38F99 /* AppDelegate.swift in Sources */ = {isa = PBXBuildFile; fileRef = 22EB82AD1DB70B0500E38F99 /* AppDelegate.swift */; };
		22EB82B01DB70B0500E38F99 /* ViewController.swift in Sources */ = {isa = PBXBuildFile; fileRef = 22EB82AF1DB70B0500E38F99 /* ViewController.swift */; };
		22EB82B31DB70B0500E38F99 /* Main.storyboard in Resources */ = {isa = PBXBuildFile; fileRef = 22EB82B11DB70B0500E38F99 /* Main.storyboard */; };
		22EB82B51DB70B0500E38F99 /* Assets.xcassets in Resources */ = {isa = PBXBuildFile; fileRef = 22EB82B41DB70B0500E38F99 /* Assets.xcassets */; };
		22EB82B81DB70B0500E38F99 /* LaunchScreen.storyboard in Resources */ = {isa = PBXBuildFile; fileRef = 22EB82B61DB70B0500E38F99 /* LaunchScreen.storyboard */; };
/* End PBXBuildFile section */

/* Begin PBXFileReference section */
		22EB82AA1DB70B0500E38F99 /* ExerciseLecture14.app */ = {isa = PBXFileReference; explicitFileType = wrapper.application; includeInIndex = 0; path = ExerciseLecture14.app; sourceTree = BUILT_PRODUCTS_DIR; };
		22EB82AD1DB70B0500E38F99 /* AppDelegate.swift */ = {isa = PBXFileReference; lastKnownFileType = sourcecode.swift; path = AppDelegate.swift; sourceTree = "<group>"; };
		22EB82AF1DB70B0500E38F99 /* ViewController.swift */ = {isa = PBXFileReference; lastKnownFileType = sourcecode.swift; path = ViewController.swift; sourceTree = "<group>"; };
		22EB82B21DB70B0500E38F99 /* Base */ = {isa = PBXFileReference; lastKnownFileType = file.storyboard; name = Base; path = Base.lproj/Main.storyboard; sourceTree = "<group>"; };
		22EB82B41DB70B0500E38F99 /* Assets.xcassets */ = {isa = PBXFileReference; lastKnownFileType = folder.assetcatalog; path = Assets.xcassets; sourceTree = "<group>"; };
		22EB82B71DB70B0500E38F99 /* Base */ = {isa = PBXFileReference; lastKnownFileType = file.storyboard; name = Base; path = Base.lproj/LaunchScreen.storyboard; sourceTree = "<group>"; };
		22EB82B91DB70B0500E38F99 /* Info.plist */ = {isa = PBXFileReference; lastKnownFileType = text.plist.xml; path = Info.plist; sourceTree = "<group>"; };
/* End PBXFileReference section */

/* Begin PBXFrameworksBuildPhase section */
		22EB82A71DB70B0500E38F99 /* Frameworks */ = {
			isa = PBXFrameworksBuildPhase;
			buildActionMask = 2147483647;
			files = (
			);
			runOnlyForDeploymentPostprocessing = 0;
		};
/* End PBXFrameworksBuildPhase section */

/* Begin PBXGroup section */
		22EB82A11DB70B0500E38F99 = {
			isa = PBXGroup;
			children = (
				22EB82AC1DB70B0500E38F99 /* ExerciseLecture14 */,
				22EB82AB1DB70B0500E38F99 /* Products */,
			);
			sourceTree = "<group>";
		};
		22EB82AB1DB70B0500E38F99 /* Products */ = {
			isa = PBXGroup;
			children = (
				22EB82AA1DB70B0500E38F99 /* ExerciseLecture14.app */,
			);
			name = Products;
			sourceTree = "<group>";
		};
		22EB82AC1DB70B0500E38F99 /* ExerciseLecture14 */ = {
			isa = PBXGroup;
			children = (
				22EB82AD1DB70B0500E38F99 /* AppDelegate.swift */,
				22EB82AF1DB70B0500E38F99 /* ViewController.swift */,
				22EB82B11DB70B0500E38F99 /* Main.storyboard */,
				22EB82B41DB70B0500E38F99 /* Assets.xcassets */,
				22EB82B61DB70B0500E38F99 /* LaunchScreen.storyboard */,
				22EB82B91DB70B0500E38F99 /* Info.plist */,
			);
			path = ExerciseLecture14;
			sourceTree = "<group>";
		};
/* End PBXGroup section */

/* Begin PBXNativeTarget section */
		22EB82A91DB70B0500E38F99 /* ExerciseLecture14 */ = {
			isa = PBXNativeTarget;
			buildConfigurationList = 22EB82BC1DB70B0500E38F99 /* Build configuration list for PBXNativeTarget "ExerciseLecture14" */;
			buildPhases = (
				22EB82A61DB70B0500E38F99 /* Sources */,
				22EB82A71DB70B0500E38F99 /* Frameworks */,
				22EB82A81DB70B0500E38F99 /* Resources */,
			);
			buildRules = (
			);
			dependencies = (
			);
			name = ExerciseLecture14;
			productName = ExerciseLecture14;
			productReference = 22EB82AA1DB70B0500E38F99 /* ExerciseLecture14.app */;
			productType = "com.apple.product-type.application";
		};
/* End PBXNativeTarget section */

/* Begin PBXProject section */
		22EB82A21DB70B0500E38F99 /* Project object */ = {
			isa = PBXProject;
			attributes = {
				LastSwiftUpdateCheck = 0730;
				LastUpgradeCheck = 0730;
				ORGANIZATIONNAME = "Penpitcha Natisupalak";
				TargetAttributes = {
					22EB82A91DB70B0500E38F99 = {
						CreatedOnToolsVersion = 7.3.1;
					};
				};
			};
			buildConfigurationList = 22EB82A51DB70B0500E38F99 /* Build configuration list for PBXProject "ExerciseLecture14" */;
			compatibilityVersion = "Xcode 3.2";
			developmentRegion = English;
			hasScannedForEncodings = 0;
			knownRegions = (
				en,
				Base,
			);
			mainGroup = 22EB82A11DB70B0500E38F99;
			productRefGroup = 22EB82AB1DB70B0500E38F99 /* Products */;
			projectDirPath = "";
			projectRoot = "";
			targets = (
				22EB82A91DB70B0500E38F99 /* ExerciseLecture14 */,
			);
		};
/* End PBXProject section */

/* Begin PBXResourcesBuildPhase section */
		22EB82A81DB70B0500E38F99 /* Resources */ = {
			isa = PBXResourcesBuildPhase;
			buildActionMask = 2147483647;
			files = (
				22EB82B81DB70B0500E38F99 /* LaunchScreen.storyboard in Resources */,
				22EB82B51DB70B0500E38F99 /* Assets.xcassets in Resources */,
				22EB82B31DB70B0500E38F99 /* Main.storyboard in Resources */,
			);
			runOnlyForDeploymentPostprocessing = 0;
		};
/* End PBXResourcesBuildPhase section */

/* Begin PBXSourcesBuildPhase section */
		22EB82A61DB70B0500E38F99 /* Sources */ = {
			isa = PBXSourcesBuildPhase;
			buildActionMask = 2147483647;
			files = (
				22EB82B01DB70B0500E38F99 /* ViewController.swift in Sources */,
				22EB82AE1DB70B0500E38F99 /* AppDelegate.swift in Sources */,
			);
			runOnlyForDeploymentPostprocessing = 0;
		};
/* End PBXSourcesBuildPhase section */

/* Begin PBXVariantGroup section */
		22EB82B11DB70B0500E38F99 /* Main.storyboard */ = {
			isa = PBXVariantGroup;
			children = (
				22EB82B21DB70B0500E38F99 /* Base */,
			);
			name = Main.storyboard;
			sourceTree = "<group>";
		};
		22EB82B61DB70B0500E38F99 /* LaunchScreen.storyboard */ = {
			isa = PBXVariantGroup;
			children = (
				22EB82B71DB70B0500E38F99 /* Base */,
			);
			name = LaunchScreen.storyboard;
			sourceTree = "<group>";
		};
/* End PBXVariantGroup section */

/* Begin XCBuildConfiguration section */
		22EB82BA1DB70B0500E38F99 /* Debug */ = {
			isa = XCBuildConfiguration;
			buildSettings = {
				ALWAYS_SEARCH_USER_PATHS = NO;
				CLANG_ANALYZER_NONNULL = YES;
				CLANG_CXX_LANGUAGE_STANDARD = "gnu++0x";
				CLANG_CXX_LIBRARY = "libc++";
				CLANG_ENABLE_MODULES = YES;
				CLANG_ENABLE_OBJC_ARC = YES;
				CLANG_WARN_BOOL_CONVERSION = YES;
				CLANG_WARN_CONSTANT_CONVERSION = YES;
				CLANG_WARN_DIRECT_OBJC_ISA_USAGE = YES_ERROR;
				CLANG_WARN_EMPTY_BODY = YES;
				CLANG_WARN_ENUM_CONVERSION = YES;
				CLANG_WARN_INT_CONVERSION = YES;
				CLANG_WARN_OBJC_ROOT_CLASS = YES_ERROR;
				CLANG_WARN_UNREACHABLE_CODE = YES;
				CLANG_WARN__DUPLICATE_METHOD_MATCH = YES;
				"CODE_SIGN_IDENTITY[sdk=iphoneos*]" = "iPhone Developer";
				COPY_PHASE_STRIP = NO;
				DEBUG_INFORMATION_FORMAT = dwarf;
				ENABLE_STRICT_OBJC_MSGSEND = YES;
				ENABLE_TESTABILITY = YES;
				GCC_C_LANGUAGE_STANDARD = gnu99;
				GCC_DYNAMIC_NO_PIC = NO;
				GCC_NO_COMMON_BLOCKS = YES;
				GCC_OPTIMIZATION_LEVEL = 0;
				GCC_PREPROCESSOR_DEFINITIONS = (
					"DEBUG=1",
					"$(inherited)",
				);
				GCC_WARN_64_TO_32_BIT_CONVERSION = YES;
				GCC_WARN_ABOUT_RETURN_TYPE = YES_ERROR;
				GCC_WARN_UNDECLARED_SELECTOR = YES;
				GCC_WARN_UNINITIALIZED_AUTOS = YES_AGGRESSIVE;
				GCC_WARN_UNUSED_FUNCTION = YES;
				GCC_WARN_UNUSED_VARIABLE = YES;
				IPHONEOS_DEPLOYMENT_TARGET = 9.3;
				MTL_ENABLE_DEBUG_INFO = YES;
				ONLY_ACTIVE_ARCH = YES;
				SDKROOT = iphoneos;
				SWIFT_OPTIMIZATION_LEVEL = "-Onone";
			};
			name = Debug;
		};
		22EB82BB1DB70B0500E38F99 /* Release */ = {
			isa = XCBuildConfiguration;
			buildSettings = {
				ALWAYS_SEARCH_USER_PATHS = NO;
				CLANG_ANALYZER_NONNULL = YES;
				CLANG_CXX_LANGUAGE_STANDARD = "gnu++0x";
				CLANG_CXX_LIBRARY = "libc++";
				CLANG_ENABLE_MODULES = YES;
				CLANG_ENABLE_OBJC_ARC = YES;
				CLANG_WARN_BOOL_CONVERSION = YES;
				CLANG_WARN_CONSTANT_CONVERSION = YES;
				CLANG_WARN_DIRECT_OBJC_ISA_USAGE = YES_ERROR;
				CLANG_WARN_EMPTY_BODY = YES;
				CLANG_WARN_ENUM_CONVERSION = YES;
				CLANG_WARN_INT_CONVERSION = YES;
				CLANG_WARN_OBJC_ROOT_CLASS = YES_ERROR;
				CLANG_WARN_UNREACHABLE_CODE = YES;
				CLANG_WARN__DUPLICATE_METHOD_MATCH = YES;
				"CODE_SIGN_IDENTITY[sdk=iphoneos*]" = "iPhone Developer";
				COPY_PHASE_STRIP = NO;
				DEBUG_INFORMATION_FORMAT = "dwarf-with-dsym";
				ENABLE_NS_ASSERTIONS = NO;
				ENABLE_STRICT_OBJC_MSGSEND = YES;
				GCC_C_LANGUAGE_STANDARD = gnu99;
				GCC_NO_COMMON_BLOCKS = YES;
				GCC_WARN_64_TO_32_BIT_CONVERSION = YES;
				GCC_WARN_ABOUT_RETURN_TYPE = YES_ERROR;
				GCC_WARN_UNDECLARED_SELECTOR = YES;
				GCC_WARN_UNINITIALIZED_AUTOS = YES_AGGRESSIVE;
				GCC_WARN_UNUSED_FUNCTION = YES;
				GCC_WARN_UNUSED_VARIABLE = YES;
				IPHONEOS_DEPLOYMENT_TARGET = 9.3;
				MTL_ENABLE_DEBUG_INFO = NO;
				SDKROOT = iphoneos;
				VALIDATE_PRODUCT = YES;
			};
			name = Release;
		};
		22EB82BD1DB70B0500E38F99 /* Debug */ = {
			isa = XCBuildConfiguration;
			buildSettings = {
				ASSETCATALOG_COMPILER_APPICON_NAME = AppIcon;
				INFOPLIST_FILE = ExerciseLecture14/Info.plist;
				LD_RUNPATH_SEARCH_PATHS = "$(inherited) @executable_path/Frameworks";
				PRODUCT_BUNDLE_IDENTIFIER = MMMCompany.ExerciseLecture14;
				PRODUCT_NAME = "$(TARGET_NAME)";
			};
			name = Debug;
		};
		22EB82BE1DB70B0500E38F99 /* Release */ = {
			isa = XCBuildConfiguration;
			buildSettings = {
				ASSETCATALOG_COMPILER_APPICON_NAME = AppIcon;
				INFOPLIST_FILE = ExerciseLecture14/Info.plist;
				LD_RUNPATH_SEARCH_PATHS = "$(inherited) @executable_path/Frameworks";
				PRODUCT_BUNDLE_IDENTIFIER = MMMCompany.ExerciseLecture14;
				PRODUCT_NAME = "$(TARGET_NAME)";
			};
			name = Release;
		};
/* End XCBuildConfiguration section */

/* Begin XCConfigurationList section */
		22EB82A51DB70B0500E38F99 /* Build configuration list for PBXProject "ExerciseLecture14" */ = {
			isa = XCConfigurationList;
			buildConfigurations = (
				22EB82BA1DB70B0500E38F99 /* Debug */,
				22EB82BB1DB70B0500E38F99 /* Release */,
			);
			defaultConfigurationIsVisible = 0;
			defaultConfigurationName = Release;
		};
		22EB82BC1DB70B0500E38F99 /* Build configuration list for PBXNativeTarget "ExerciseLecture14" */ = {
			isa = XCConfigurationList;
			buildConfigurations = (
				22EB82BD1DB70B0500E38F99 /* Debug */,
				22EB82BE1DB70B0500E38F99 /* Release */,
			);
			defaultConfigurationIsVisible = 0;
		};
/* End XCConfigurationList section */
	};
	rootObject = 22EB82A21DB70B0500E38F99 /* Project object */;
}
